
Microsoft Visual Studio Solution File, Format Version 12.00
# Visual Studio Version 17
VisualStudioVersion = 17.8.34511.84
MinimumVisualStudioVersion = 10.0.40219.1
Project("{FAE04EC0-301F-11D3-BF4B-00C04F79EFBC}") = "TaskManagement", "TaskManagement\TaskManagement.csproj", "{ED34008B-E4F8-4790-B195-725794CFE2DF}"
EndProject
Global
	GlobalSection(SolutionConfigurationPlatforms) = preSolution
		Debug|Any CPU = Debug|Any CPU
		Release|Any CPU = Release|Any CPU
	EndGlobalSection
	GlobalSection(ProjectConfigurationPlatforms) = postSolution
		{ED34008B-E4F8-4790-B195-725794CFE2DF}.Debug|Any CPU.ActiveCfg = Debug|Any CPU
		{ED34008B-E4F8-4790-B195-725794CFE2DF}.Debug|Any CPU.Build.0 = Debug|Any CPU
		{ED34008B-E4F8-4790-B195-725794CFE2DF}.Release|Any CPU.ActiveCfg = Release|Any CPU
		{ED34008B-E4F8-4790-B195-725794CFE2DF}.Release|Any CPU.Build.0 = Release|Any CPU
	EndGlobalSection
	GlobalSection(SolutionProperties) = preSolution
		HideSolutionNode = FALSE
	EndGlobalSection
	GlobalSection(ExtensibilityGlobals) = postSolution
		SolutionGuid = {00976581-9EDF-4DFB-9D4A-D418AF271C67}
	EndGlobalSection
EndGlobal
